
Microsoft Visual Studio Solution File, Format Version 12.00
# Visual Studio 15
VisualStudioVersion = 15.0.28307.329
MinimumVisualStudioVersion = 10.0.40219.1
Project("{FAE04EC0-301F-11D3-BF4B-00C04F79EFBC}") = "AlexDates", "AlexDates\AlexDates.csproj", "{189D9ED1-642B-49E6-8392-B2A8CF3C992A}"
EndProject
Global
	GlobalSection(SolutionConfigurationPlatforms) = preSolution
		Debug|Any CPU = Debug|Any CPU
		Release|Any CPU = Release|Any CPU
	EndGlobalSection
	GlobalSection(ProjectConfigurationPlatforms) = postSolution
		{189D9ED1-642B-49E6-8392-B2A8CF3C992A}.Debug|Any CPU.ActiveCfg = Debug|Any CPU
		{189D9ED1-642B-49E6-8392-B2A8CF3C992A}.Debug|Any CPU.Build.0 = Debug|Any CPU
		{189D9ED1-642B-49E6-8392-B2A8CF3C992A}.Release|Any CPU.ActiveCfg = Release|Any CPU
		{189D9ED1-642B-49E6-8392-B2A8CF3C992A}.Release|Any CPU.Build.0 = Release|Any CPU
	EndGlobalSection
	GlobalSection(SolutionProperties) = preSolution
		HideSolutionNode = FALSE
	EndGlobalSection
	GlobalSection(ExtensibilityGlobals) = postSolution
		SolutionGuid = {D8754433-60FE-4C39-A9B5-D4B89B33A297}
	EndGlobalSection
EndGlobal
